
Microsoft Visual Studio Solution File, Format Version 12.00
# Visual Studio Version 17
VisualStudioVersion = 17.4.33103.184
MinimumVisualStudioVersion = 10.0.40219.1
Project("{FAE04EC0-301F-11D3-BF4B-00C04F79EFBC}") = "BlazorPagination1", "BlazorPagination1\BlazorPagination1.csproj", "{2F03DE0F-909E-4AAA-8268-CF1F6570AC4B}"
EndProject
Global
	GlobalSection(SolutionConfigurationPlatforms) = preSolution
		Debug|Any CPU = Debug|Any CPU
		Release|Any CPU = Release|Any CPU
	EndGlobalSection
	GlobalSection(ProjectConfigurationPlatforms) = postSolution
		{2F03DE0F-909E-4AAA-8268-CF1F6570AC4B}.Debug|Any CPU.ActiveCfg = Debug|Any CPU
		{2F03DE0F-909E-4AAA-8268-CF1F6570AC4B}.Debug|Any CPU.Build.0 = Debug|Any CPU
		{2F03DE0F-909E-4AAA-8268-CF1F6570AC4B}.Release|Any CPU.ActiveCfg = Release|Any CPU
		{2F03DE0F-909E-4AAA-8268-CF1F6570AC4B}.Release|Any CPU.Build.0 = Release|Any CPU
	EndGlobalSection
	GlobalSection(SolutionProperties) = preSolution
		HideSolutionNode = FALSE
	EndGlobalSection
	GlobalSection(ExtensibilityGlobals) = postSolution
		SolutionGuid = {905A4BAC-2278-469F-B18E-A28EF7629EDA}
	EndGlobalSection
EndGlobal
